
Microsoft Visual Studio Solution File, Format Version 12.00
# Visual Studio Version 16
VisualStudioVersion = 16.0.32802.440
MinimumVisualStudioVersion = 10.0.40219.1
Project("{FAE04EC0-301F-11D3-BF4B-00C04F79EFBC}") = "Practica", "Practica\Practica.csproj", "{A8F2F1E7-3A7E-4570-BAEA-3D2C7CFF2E91}"
EndProject
Global
	GlobalSection(SolutionConfigurationPlatforms) = preSolution
		Debug|Any CPU = Debug|Any CPU
		Release|Any CPU = Release|Any CPU
	EndGlobalSection
	GlobalSection(ProjectConfigurationPlatforms) = postSolution
		{A8F2F1E7-3A7E-4570-BAEA-3D2C7CFF2E91}.Debug|Any CPU.ActiveCfg = Debug|Any CPU
		{A8F2F1E7-3A7E-4570-BAEA-3D2C7CFF2E91}.Debug|Any CPU.Build.0 = Debug|Any CPU
		{A8F2F1E7-3A7E-4570-BAEA-3D2C7CFF2E91}.Release|Any CPU.ActiveCfg = Release|Any CPU
		{A8F2F1E7-3A7E-4570-BAEA-3D2C7CFF2E91}.Release|Any CPU.Build.0 = Release|Any CPU
	EndGlobalSection
	GlobalSection(SolutionProperties) = preSolution
		HideSolutionNode = FALSE
	EndGlobalSection
	GlobalSection(ExtensibilityGlobals) = postSolution
		SolutionGuid = {203418D8-6E14-4FEB-B626-9E29F4484080}
	EndGlobalSection
EndGlobal
